
Microsoft Visual Studio Solution File, Format Version 12.00
# Visual Studio Version 17
VisualStudioVersion = 17.8.34316.72
MinimumVisualStudioVersion = 10.0.40219.1
Project("{FAE04EC0-301F-11D3-BF4B-00C04F79EFBC}") = "PracticeTrackerAPI", "PracticeTrackerAPI\PracticeTrackerAPI.csproj", "{2CB1760E-07D8-4259-A75A-84F695E806D1}"
EndProject
Project("{FAE04EC0-301F-11D3-BF4B-00C04F79EFBC}") = "PracticeAPITests", "PracticeAPITests\PracticeAPITests.csproj", "{95C71905-7D5B-41FF-8322-78C7082E42F1}"
EndProject
Global
	GlobalSection(SolutionConfigurationPlatforms) = preSolution
		Debug|Any CPU = Debug|Any CPU
		Release|Any CPU = Release|Any CPU
	EndGlobalSection
	GlobalSection(ProjectConfigurationPlatforms) = postSolution
		{2CB1760E-07D8-4259-A75A-84F695E806D1}.Debug|Any CPU.ActiveCfg = Debug|Any CPU
		{2CB1760E-07D8-4259-A75A-84F695E806D1}.Debug|Any CPU.Build.0 = Debug|Any CPU
		{2CB1760E-07D8-4259-A75A-84F695E806D1}.Release|Any CPU.ActiveCfg = Release|Any CPU
		{2CB1760E-07D8-4259-A75A-84F695E806D1}.Release|Any CPU.Build.0 = Release|Any CPU
		{95C71905-7D5B-41FF-8322-78C7082E42F1}.Debug|Any CPU.ActiveCfg = Debug|Any CPU
		{95C71905-7D5B-41FF-8322-78C7082E42F1}.Debug|Any CPU.Build.0 = Debug|Any CPU
		{95C71905-7D5B-41FF-8322-78C7082E42F1}.Release|Any CPU.ActiveCfg = Release|Any CPU
		{95C71905-7D5B-41FF-8322-78C7082E42F1}.Release|Any CPU.Build.0 = Release|Any CPU
	EndGlobalSection
	GlobalSection(SolutionProperties) = preSolution
		HideSolutionNode = FALSE
	EndGlobalSection
	GlobalSection(ExtensibilityGlobals) = postSolution
		SolutionGuid = {3B49197C-BBFB-4E55-AE24-4CBD65DAB959}
	EndGlobalSection
EndGlobal
